
Microsoft Visual Studio Solution File, Format Version 12.00
# Visual Studio 14
VisualStudioVersion = 14.0.25420.1
MinimumVisualStudioVersion = 10.0.40219.1
Project("{2150E333-8FDC-42A3-9474-1A3956D46DE8}") = "Solution Items", "Solution Items", "{E0B346AB-BB03-46C8-A157-5BB90C819F81}"
	ProjectSection(SolutionItems) = preProject
		README.md = README.md
	EndProjectSection
EndProject
Project("{FAE04EC0-301F-11D3-BF4B-00C04F79EFBC}") = "Gaona.Assignment", "Gaona.Assignment\Gaona.Assignment.csproj", "{2724D372-C0B5-4E85-A5E2-8E6F2F812DE0}"
EndProject
Project("{FAE04EC0-301F-11D3-BF4B-00C04F79EFBC}") = "Gaona.Assignment.Tests", "Gaona.Assignment.Tests\Gaona.Assignment.Tests.csproj", "{FA3FF98E-3B4B-4577-8BC4-DFC86DD40C4C}"
EndProject
Project("{FAE04EC0-301F-11D3-BF4B-00C04F79EFBC}") = "Gaona.Assignment.Data", "Gaona.Assignment.Data\Gaona.Assignment.Data.csproj", "{7D925D21-62F3-492C-94CA-F228891A0C1D}"
EndProject
Project("{FAE04EC0-301F-11D3-BF4B-00C04F79EFBC}") = "Gaona.Assignment.Business", "Gaona.Assignment.Business\Gaona.Assignment.Business.csproj", "{917270B8-3CDB-472E-B2A0-F4375C6FDD41}"
EndProject
Project("{FAE04EC0-301F-11D3-BF4B-00C04F79EFBC}") = "Gaona.Assignment.Client", "Gaona.Assignment.Client\Gaona.Assignment.Client.csproj", "{C7B9C626-7E7C-4C03-9401-FAD6DB83DDFB}"
EndProject
Project("{2150E333-8FDC-42A3-9474-1A3956D46DE8}") = "Apps", "Apps", "{E12CE4D9-6644-40B3-BB7A-1DA1F4038C20}"
EndProject
Project("{2150E333-8FDC-42A3-9474-1A3956D46DE8}") = "Libraries", "Libraries", "{B7BD3EEB-ED6C-43F9-B9B3-6F89566C3463}"
EndProject
Project("{FAE04EC0-301F-11D3-BF4B-00C04F79EFBC}") = "Gaona.Assigment.Web", "Gaona.Assigment.Web\Gaona.Assigment.Web.csproj", "{A866636F-0861-4EF5-A155-3550C48834B0}"
EndProject
Project("{FAE04EC0-301F-11D3-BF4B-00C04F79EFBC}") = "Gaona.Assignment.CloudApp", "Gaona.Assignment.CloudApp\Gaona.Assignment.CloudApp.csproj", "{446538E1-011D-45AE-884B-0724923F347A}"
EndProject
Global
	GlobalSection(SolutionConfigurationPlatforms) = preSolution
		Debug|Any CPU = Debug|Any CPU
		Release|Any CPU = Release|Any CPU
	EndGlobalSection
	GlobalSection(ProjectConfigurationPlatforms) = postSolution
		{2724D372-C0B5-4E85-A5E2-8E6F2F812DE0}.Debug|Any CPU.ActiveCfg = Debug|Any CPU
		{2724D372-C0B5-4E85-A5E2-8E6F2F812DE0}.Debug|Any CPU.Build.0 = Debug|Any CPU
		{2724D372-C0B5-4E85-A5E2-8E6F2F812DE0}.Release|Any CPU.ActiveCfg = Release|Any CPU
		{2724D372-C0B5-4E85-A5E2-8E6F2F812DE0}.Release|Any CPU.Build.0 = Release|Any CPU
		{FA3FF98E-3B4B-4577-8BC4-DFC86DD40C4C}.Debug|Any CPU.ActiveCfg = Debug|Any CPU
		{FA3FF98E-3B4B-4577-8BC4-DFC86DD40C4C}.Debug|Any CPU.Build.0 = Debug|Any CPU
		{FA3FF98E-3B4B-4577-8BC4-DFC86DD40C4C}.Release|Any CPU.ActiveCfg = Release|Any CPU
		{FA3FF98E-3B4B-4577-8BC4-DFC86DD40C4C}.Release|Any CPU.Build.0 = Release|Any CPU
		{7D925D21-62F3-492C-94CA-F228891A0C1D}.Debug|Any CPU.ActiveCfg = Debug|Any CPU
		{7D925D21-62F3-492C-94CA-F228891A0C1D}.Debug|Any CPU.Build.0 = Debug|Any CPU
		{7D925D21-62F3-492C-94CA-F228891A0C1D}.Release|Any CPU.ActiveCfg = Release|Any CPU
		{7D925D21-62F3-492C-94CA-F228891A0C1D}.Release|Any CPU.Build.0 = Release|Any CPU
		{917270B8-3CDB-472E-B2A0-F4375C6FDD41}.Debug|Any CPU.ActiveCfg = Debug|Any CPU
		{917270B8-3CDB-472E-B2A0-F4375C6FDD41}.Debug|Any CPU.Build.0 = Debug|Any CPU
		{917270B8-3CDB-472E-B2A0-F4375C6FDD41}.Release|Any CPU.ActiveCfg = Release|Any CPU
		{917270B8-3CDB-472E-B2A0-F4375C6FDD41}.Release|Any CPU.Build.0 = Release|Any CPU
		{C7B9C626-7E7C-4C03-9401-FAD6DB83DDFB}.Debug|Any CPU.ActiveCfg = Debug|Any CPU
		{C7B9C626-7E7C-4C03-9401-FAD6DB83DDFB}.Debug|Any CPU.Build.0 = Debug|Any CPU
		{C7B9C626-7E7C-4C03-9401-FAD6DB83DDFB}.Release|Any CPU.ActiveCfg = Release|Any CPU
		{C7B9C626-7E7C-4C03-9401-FAD6DB83DDFB}.Release|Any CPU.Build.0 = Release|Any CPU
		{A866636F-0861-4EF5-A155-3550C48834B0}.Debug|Any CPU.ActiveCfg = Debug|Any CPU
		{A866636F-0861-4EF5-A155-3550C48834B0}.Debug|Any CPU.Build.0 = Debug|Any CPU
		{A866636F-0861-4EF5-A155-3550C48834B0}.Release|Any CPU.ActiveCfg = Release|Any CPU
		{A866636F-0861-4EF5-A155-3550C48834B0}.Release|Any CPU.Build.0 = Release|Any CPU
		{446538E1-011D-45AE-884B-0724923F347A}.Debug|Any CPU.ActiveCfg = Debug|Any CPU
		{446538E1-011D-45AE-884B-0724923F347A}.Debug|Any CPU.Build.0 = Debug|Any CPU
		{446538E1-011D-45AE-884B-0724923F347A}.Release|Any CPU.ActiveCfg = Release|Any CPU
		{446538E1-011D-45AE-884B-0724923F347A}.Release|Any CPU.Build.0 = Release|Any CPU
	EndGlobalSection
	GlobalSection(SolutionProperties) = preSolution
		HideSolutionNode = FALSE
	EndGlobalSection
	GlobalSection(NestedProjects) = preSolution
		{2724D372-C0B5-4E85-A5E2-8E6F2F812DE0} = {E12CE4D9-6644-40B3-BB7A-1DA1F4038C20}
		{7D925D21-62F3-492C-94CA-F228891A0C1D} = {B7BD3EEB-ED6C-43F9-B9B3-6F89566C3463}
		{917270B8-3CDB-472E-B2A0-F4375C6FDD41} = {B7BD3EEB-ED6C-43F9-B9B3-6F89566C3463}
		{C7B9C626-7E7C-4C03-9401-FAD6DB83DDFB} = {E12CE4D9-6644-40B3-BB7A-1DA1F4038C20}
		{A866636F-0861-4EF5-A155-3550C48834B0} = {B7BD3EEB-ED6C-43F9-B9B3-6F89566C3463}
		{446538E1-011D-45AE-884B-0724923F347A} = {E12CE4D9-6644-40B3-BB7A-1DA1F4038C20}
	EndGlobalSection
EndGlobal
